
Microsoft Visual Studio Solution File, Format Version 12.00
# Visual Studio Version 17
VisualStudioVersion = 17.2.32616.157
MinimumVisualStudioVersion = 10.0.40219.1
Project("{FAE04EC0-301F-11D3-BF4B-00C04F79EFBC}") = "QM.Core", "QM.Core\QM.Core.csproj", "{F5D1B25F-E96C-4AD4-A6F1-9D4829421F6E}"
EndProject
Project("{FAE04EC0-301F-11D3-BF4B-00C04F79EFBC}") = "QM.Models", "QM.Models\QM.Models.csproj", "{7A677E5B-71C2-4D8D-8CF4-0D7BCE435FC5}"
EndProject
Project("{FAE04EC0-301F-11D3-BF4B-00C04F79EFBC}") = "QM.Models.Validations", "QM.Models.Validations\QM.Models.Validations.csproj", "{DA3D7D64-E904-423D-A429-1756AB7830E1}"
EndProject
Project("{FAE04EC0-301F-11D3-BF4B-00C04F79EFBC}") = "QM.Models.Abstractions", "QM.Models.Abstractions\QM.Models.Abstractions.csproj", "{6FDF43E3-31D7-4E8C-8981-43CA7326852C}"
EndProject
Project("{FAE04EC0-301F-11D3-BF4B-00C04F79EFBC}") = "QM.TestProject", "QM.TestProject\QM.TestProject.csproj", "{F009239C-1BDE-41C8-A2CB-4489F2027142}"
EndProject
Project("{FAE04EC0-301F-11D3-BF4B-00C04F79EFBC}") = "QM.DAL.Abstractions", "QM.DAL.Abstractions\QM.DAL.Abstractions.csproj", "{24482D83-F1EC-4052-B757-0A40AFDC2CD7}"
EndProject
Project("{FAE04EC0-301F-11D3-BF4B-00C04F79EFBC}") = "QM.Core.Abstractions", "QM.Core.Abstractions\QM.Core.Abstractions.csproj", "{70E44F6B-6097-4514-AE8A-761E3BA728A1}"
EndProject
Global
	GlobalSection(SolutionConfigurationPlatforms) = preSolution
		Debug|Any CPU = Debug|Any CPU
		Release|Any CPU = Release|Any CPU
	EndGlobalSection
	GlobalSection(ProjectConfigurationPlatforms) = postSolution
		{F5D1B25F-E96C-4AD4-A6F1-9D4829421F6E}.Debug|Any CPU.ActiveCfg = Debug|Any CPU
		{F5D1B25F-E96C-4AD4-A6F1-9D4829421F6E}.Debug|Any CPU.Build.0 = Debug|Any CPU
		{F5D1B25F-E96C-4AD4-A6F1-9D4829421F6E}.Release|Any CPU.ActiveCfg = Release|Any CPU
		{F5D1B25F-E96C-4AD4-A6F1-9D4829421F6E}.Release|Any CPU.Build.0 = Release|Any CPU
		{7A677E5B-71C2-4D8D-8CF4-0D7BCE435FC5}.Debug|Any CPU.ActiveCfg = Debug|Any CPU
		{7A677E5B-71C2-4D8D-8CF4-0D7BCE435FC5}.Debug|Any CPU.Build.0 = Debug|Any CPU
		{7A677E5B-71C2-4D8D-8CF4-0D7BCE435FC5}.Release|Any CPU.ActiveCfg = Release|Any CPU
		{7A677E5B-71C2-4D8D-8CF4-0D7BCE435FC5}.Release|Any CPU.Build.0 = Release|Any CPU
		{DA3D7D64-E904-423D-A429-1756AB7830E1}.Debug|Any CPU.ActiveCfg = Debug|Any CPU
		{DA3D7D64-E904-423D-A429-1756AB7830E1}.Debug|Any CPU.Build.0 = Debug|Any CPU
		{DA3D7D64-E904-423D-A429-1756AB7830E1}.Release|Any CPU.ActiveCfg = Release|Any CPU
		{DA3D7D64-E904-423D-A429-1756AB7830E1}.Release|Any CPU.Build.0 = Release|Any CPU
		{6FDF43E3-31D7-4E8C-8981-43CA7326852C}.Debug|Any CPU.ActiveCfg = Debug|Any CPU
		{6FDF43E3-31D7-4E8C-8981-43CA7326852C}.Debug|Any CPU.Build.0 = Debug|Any CPU
		{6FDF43E3-31D7-4E8C-8981-43CA7326852C}.Release|Any CPU.ActiveCfg = Release|Any CPU
		{6FDF43E3-31D7-4E8C-8981-43CA7326852C}.Release|Any CPU.Build.0 = Release|Any CPU
		{F009239C-1BDE-41C8-A2CB-4489F2027142}.Debug|Any CPU.ActiveCfg = Debug|Any CPU
		{F009239C-1BDE-41C8-A2CB-4489F2027142}.Debug|Any CPU.Build.0 = Debug|Any CPU
		{F009239C-1BDE-41C8-A2CB-4489F2027142}.Release|Any CPU.ActiveCfg = Release|Any CPU
		{F009239C-1BDE-41C8-A2CB-4489F2027142}.Release|Any CPU.Build.0 = Release|Any CPU
		{24482D83-F1EC-4052-B757-0A40AFDC2CD7}.Debug|Any CPU.ActiveCfg = Debug|Any CPU
		{24482D83-F1EC-4052-B757-0A40AFDC2CD7}.Debug|Any CPU.Build.0 = Debug|Any CPU
		{24482D83-F1EC-4052-B757-0A40AFDC2CD7}.Release|Any CPU.ActiveCfg = Release|Any CPU
		{24482D83-F1EC-4052-B757-0A40AFDC2CD7}.Release|Any CPU.Build.0 = Release|Any CPU
		{70E44F6B-6097-4514-AE8A-761E3BA728A1}.Debug|Any CPU.ActiveCfg = Debug|Any CPU
		{70E44F6B-6097-4514-AE8A-761E3BA728A1}.Debug|Any CPU.Build.0 = Debug|Any CPU
		{70E44F6B-6097-4514-AE8A-761E3BA728A1}.Release|Any CPU.ActiveCfg = Release|Any CPU
		{70E44F6B-6097-4514-AE8A-761E3BA728A1}.Release|Any CPU.Build.0 = Release|Any CPU
	EndGlobalSection
	GlobalSection(SolutionProperties) = preSolution
		HideSolutionNode = FALSE
	EndGlobalSection
	GlobalSection(ExtensibilityGlobals) = postSolution
		SolutionGuid = {D1B39DBA-31E4-4548-9B35-1A4D010708CE}
	EndGlobalSection
EndGlobal
